<Solution>
  <Configurations>
    <Platform Name="Any CPU" />
    <Platform Name="x64" />
    <Platform Name="x86" />
  </Configurations>
    <Project Path="TemporalWarehouse.Api/TemporalWarehouse.Api.csproj" />
    <Project Path="TemporalWarehouse.Test/TemporalWarehouse.Test.csproj" />
</Solution>
